
Microsoft Visual Studio Solution File, Format Version 12.00
# Visual Studio Version 16
VisualStudioVersion = 16.0.31613.86
MinimumVisualStudioVersion = 10.0.40219.1
Project("{FAE04EC0-301F-11D3-BF4B-00C04F79EFBC}") = "Komodo_Insurance_Console", "Komodo_Insurance_Console\Komodo_Insurance_Console.csproj", "{283B5EFA-B2EC-42C8-A589-0DC5DB7DDEEC}"
EndProject
Project("{FAE04EC0-301F-11D3-BF4B-00C04F79EFBC}") = "Komodo_Insurance_Classes", "Komodo_Insurance_Classes\Komodo_Insurance_Classes.csproj", "{419EA603-DB9F-406B-984B-93DE37421FCC}"
EndProject
Global
	GlobalSection(SolutionConfigurationPlatforms) = preSolution
		Debug|Any CPU = Debug|Any CPU
		Release|Any CPU = Release|Any CPU
	EndGlobalSection
	GlobalSection(ProjectConfigurationPlatforms) = postSolution
		{283B5EFA-B2EC-42C8-A589-0DC5DB7DDEEC}.Debug|Any CPU.ActiveCfg = Debug|Any CPU
		{283B5EFA-B2EC-42C8-A589-0DC5DB7DDEEC}.Debug|Any CPU.Build.0 = Debug|Any CPU
		{283B5EFA-B2EC-42C8-A589-0DC5DB7DDEEC}.Release|Any CPU.ActiveCfg = Release|Any CPU
		{283B5EFA-B2EC-42C8-A589-0DC5DB7DDEEC}.Release|Any CPU.Build.0 = Release|Any CPU
		{419EA603-DB9F-406B-984B-93DE37421FCC}.Debug|Any CPU.ActiveCfg = Debug|Any CPU
		{419EA603-DB9F-406B-984B-93DE37421FCC}.Debug|Any CPU.Build.0 = Debug|Any CPU
		{419EA603-DB9F-406B-984B-93DE37421FCC}.Release|Any CPU.ActiveCfg = Release|Any CPU
		{419EA603-DB9F-406B-984B-93DE37421FCC}.Release|Any CPU.Build.0 = Release|Any CPU
	EndGlobalSection
	GlobalSection(SolutionProperties) = preSolution
		HideSolutionNode = FALSE
	EndGlobalSection
	GlobalSection(ExtensibilityGlobals) = postSolution
		SolutionGuid = {CB58A36F-60FB-44CC-8D4D-670A52760A56}
	EndGlobalSection
EndGlobal
